
Microsoft Visual Studio Solution File, Format Version 12.00
# Visual Studio Version 16
VisualStudioVersion = 16.0.31702.278
MinimumVisualStudioVersion = 10.0.40219.1
Project("{FAE04EC0-301F-11D3-BF4B-00C04F79EFBC}") = "WebApplication8", "WebApplication8\WebApplication8.csproj", "{62BA9177-0257-438D-859C-28CB9048D97A}"
EndProject
Global
	GlobalSection(SolutionConfigurationPlatforms) = preSolution
		Debug|Any CPU = Debug|Any CPU
		Release|Any CPU = Release|Any CPU
	EndGlobalSection
	GlobalSection(ProjectConfigurationPlatforms) = postSolution
		{62BA9177-0257-438D-859C-28CB9048D97A}.Debug|Any CPU.ActiveCfg = Debug|Any CPU
		{62BA9177-0257-438D-859C-28CB9048D97A}.Debug|Any CPU.Build.0 = Debug|Any CPU
		{62BA9177-0257-438D-859C-28CB9048D97A}.Release|Any CPU.ActiveCfg = Release|Any CPU
		{62BA9177-0257-438D-859C-28CB9048D97A}.Release|Any CPU.Build.0 = Release|Any CPU
	EndGlobalSection
	GlobalSection(SolutionProperties) = preSolution
		HideSolutionNode = FALSE
	EndGlobalSection
	GlobalSection(ExtensibilityGlobals) = postSolution
		SolutionGuid = {4ABB752D-1FF9-460F-894C-D91582828117}
	EndGlobalSection
EndGlobal
